
Microsoft Visual Studio Solution File, Format Version 12.00
# Visual Studio Version 16
VisualStudioVersion = 16.0.32510.428
MinimumVisualStudioVersion = 10.0.40219.1
Project("{FAE04EC0-301F-11D3-BF4B-00C04F79EFBC}") = "bridge", "bridge\bridge.csproj", "{31A2AEC3-FB10-4F36-86BB-4BAB7B2363F3}"
EndProject
Global
	GlobalSection(SolutionConfigurationPlatforms) = preSolution
		Debug|Any CPU = Debug|Any CPU
		Release|Any CPU = Release|Any CPU
	EndGlobalSection
	GlobalSection(ProjectConfigurationPlatforms) = postSolution
		{31A2AEC3-FB10-4F36-86BB-4BAB7B2363F3}.Debug|Any CPU.ActiveCfg = Debug|Any CPU
		{31A2AEC3-FB10-4F36-86BB-4BAB7B2363F3}.Debug|Any CPU.Build.0 = Debug|Any CPU
		{31A2AEC3-FB10-4F36-86BB-4BAB7B2363F3}.Release|Any CPU.ActiveCfg = Release|Any CPU
		{31A2AEC3-FB10-4F36-86BB-4BAB7B2363F3}.Release|Any CPU.Build.0 = Release|Any CPU
	EndGlobalSection
	GlobalSection(SolutionProperties) = preSolution
		HideSolutionNode = FALSE
	EndGlobalSection
	GlobalSection(ExtensibilityGlobals) = postSolution
		SolutionGuid = {24E3E1DF-80B9-476C-9DDF-25EC4BD2E732}
	EndGlobalSection
EndGlobal
